{
  "name": "project-todo",
  "lockfileVersion": 3,
  "requires": true,
  "packages": {
    "": {
      "devDependencies": {
        "@biomejs/biome": "^2.x",
        "@dprint/json": "^0.x",
        "dprint": "^0.x",
        "dprint-plugin-markup": "^0.x",
        "dprint-plugin-yaml": "^0.x",
        "rumdl": "^0.x",
        "tombi": "^1.x",
        "vite": "^8.x"
      },
      "engines": {
        "node": "^24"
      }
    },
    "node_modules/@biomejs/biome": {
      "version": "2.5.15",
      "resolved": "https://registry.npmjs.org/@biomejs/biome/-/biome-2.5.15.tgz",
      "integrity": "sha512-WZTW4slm/pdkh92K6t/3aEN++44JD1PQ7squ7RCMLI1flHGl43DVOIGXvCjHiZgBMO1V4uYxoFNtqrIA4qGuIQ==",
      "dev": true,
      "license": "MIT OR Apache-2.0",
      "bin": {
        "biome": "bin/biome"
      },
      "engines": {
        "node": ">=14.21.3"
      },
      "funding": {
        "type": "opencollective",
        "url": "https://opencollective.com/biome"
      },
      "optionalDependencies": {
        "@biomejs/cli-darwin-arm64": "2.5.15",
        "@biomejs/cli-darwin-x64": "2.5.15",
        "@biomejs/cli-linux-arm64": "2.5.15",
        "@biomejs/cli-linux-arm64-musl": "2.5.15",
        "@biomejs/cli-linux-x64": "2.5.15",
        "@biomejs/cli-linux-x64-musl": "2.5.15",
        "@biomejs/cli-win32-arm64": "2.5.15",
        "@biomejs/cli-win32-x64": "2.5.15"
      }
    },
    "node_modules/@biomejs/cli-darwin-arm64": {
      "version": "2.5.15",
      "resolved": "https://registry.npmjs.org/@biomejs/cli-darwin-arm64/-/cli-darwin-arm64-2.5.15.tgz",
      "integrity": "sha512-BZVzFhJ/mUvTLMYbc9x6el0o2Uv5zP7bACYyhFb6fSc1giroXm7PL0a5KqMJ9F+/BnkYRjagD/ROSDVOZ6eapg==",
      "cpu": [
        "arm64"
      ],
      "dev": true,
      "license": "MIT OR Apache-2.0",
      "optional": true,
      "os": [
        "darwin"
      ],
      "engines": {
        "node": ">=14.21.3"
      }
    },
    "node_modules/@biomejs/cli-darwin-x64": {
      "version": "2.5.15",
      "resolved": "https://registry.npmjs.org/@biomejs/cli-darwin-x64/-/cli-darwin-x64-2.5.15.tgz",
      "integrity": "sha512-V5Kw63V+fVGNFhFrizDxMbGXAzZCh8kYzJpy3GI6gTapWDg7bZK9oYC9CbVgQSEdTnupz0U5Efz8Ev+5vdBBXw==",
      "cpu": [
        "x64"
      ],
      "dev": true,
      "license": "MIT OR Apache-2.0",
      "optional": true,
      "os": [
        "darwin"
      ],
      "engines": {
        "node": ">=14.21.3"
      }
    },
    "node_modules/@biomejs/cli-linux-arm64": {
      "version": "2.5.15",
      "resolved": "https://registry.npmjs.org/@biomejs/cli-linux-arm64/-/cli-linux-arm64-2.5.15.tgz",
      "integrity": "sha512-XaG7P7eeSLYETD3K9grfB0mQmpLQZjygdbsxekWBJAg4am79fGAtRpfRyNnTvXB2fZFNnJZG3nXm7HBat0+VUw==",
      "cpu": [
        "arm64"
      ],
      "dev": true,
      "libc": [
        "glibc"
      ],
      "license": "MIT OR Apache-2.0",
      "optional": true,
      "os": [
        "linux"
      ],
      "engines": {
        "node": ">=14.21.3"
      }
    },
    "node_modules/@biomejs/cli-linux-arm64-musl": {
      "version": "2.5.15",
      "resolved": "https://registry.npmjs.org/@biomejs/cli-linux-arm64-musl/-/cli-linux-arm64-musl-2.5.15.tgz",
      "integrity": "sha512-tGzZUTcJCV7tj5Adh/Gn6nR4MycqA3iohq2LEcrarAgRBkU0h0OKd2UzCRkOsOYOuUGaUJb4YmqRqyy2feGGSw==",
      "cpu": [
        "arm64"
      ],
      "dev": true,
      "libc": [
        "musl"
      ],
      "license": "MIT OR Apache-2.0",
      "optional": true,
      "os": [
        "linux"
      ],
      "engines": {
        "node": ">=14.21.3"
      }
    },
    "node_modules/@biomejs/cli-linux-x64": {
      "version": "2.5.15",
      "resolved": "https://registry.npmjs.org/@biomejs/cli-linux-x64/-/cli-linux-x64-2.5.15.tgz",
      "integrity": "sha512-xE4iEW/3LqlYj9GFgGrFsFSH51dEEpUbYWBfeOv0q87WkUDxK2o/HhreSb7qMJqck70RVM6Lg96hgedcAYcOkA==",
      "cpu": [
        "x64"
      ],
      "dev": true,
      "libc": [
        "glibc"
      ],
      "license": "MIT OR Apache-2.0",
      "optional": true,
      "os": [
        "linux"
      ],
      "engines": {
        "node": ">=14.21.3"
      }
    },
    "node_modules/@biomejs/cli-linux-x64-musl": {
      "version": "2.5.15",
      "resolved": "https://registry.npmjs.org/@biomejs/cli-linux-x64-musl/-/cli-linux-x64-musl-2.5.15.tgz",
      "integrity": "sha512-IlxUcyxilVGPsE008x13pWdkTbU3nQpP2i9b5UrbOYj6goBkKsRX1XB7yJLcV+O1H9LBchIIm4adOaVLZBX0ZQ==",
      "cpu": [
        "x64"
      ],
      "dev": true,
      "libc": [
        "musl"
      ],
      "license": "MIT OR Apache-2.0",
      "optional": true,
      "os": [
        "linux"
      ],
      "engines": {
        "node": ">=14.21.3"
      }
    },
    "node_modules/@biomejs/cli-win32-arm64": {
      "version": "2.5.15",
      "resolved": "https://registry.npmjs.org/@biomejs/cli-win32-arm64/-/cli-win32-arm64-2.5.15.tgz",
      "integrity": "sha512-2kPKzhNlm8C+Ru3GcO0Me2ODkCBLrVOUNuyi84RJyWDVKAA4+Kjj3jMjL938lF6BRfvltC4vB2nPY9SvN51Ovg==",
      "cpu": [
        "arm64"
      ],
      "dev": true,
      "license": "MIT OR Apache-2.0",
      "optional": true,
      "os": [
        "win32"
      ],
      "engines": {
        "node": ">=14.21.3"
      }
    },
    "node_modules/@biomejs/cli-win32-x64": {
      "version": "2.5.15",
      "resolved": "https://registry.npmjs.org/@biomejs/cli-win32-x64/-/cli-win32-x64-2.5.15.tgz",
      "integrity": "sha512-yAzh4UqEImV6Hcy0zjUqNfJAsUhoD64FBQCdTG8Md/Z2wQeVP/ZmJ3XRYAs1g8J9fjTFyl2fCtc5FB5til47+g==",
      "cpu": [
        "x64"
      ],
      "dev": true,
      "license": "MIT OR Apache-2.0",
      "optional": true,
      "os": [
        "win32"
      ],
      "engines": {
        "node": ">=14.21.3"
      }
    },
    "node_modules/@dprint/android-arm64": {
      "version": "0.61.1",
      "resolved": "https://registry.npmjs.org/@dprint/android-arm64/-/android-arm64-0.61.1.tgz",
      "integrity": "sha512-4ZT+OrIIdCW2/s/UUa75jUFghQnfdCHh6WpodUmAXH9BOELozbMPH3EKlGShPEqTXFomwHvHX095eZXLBd6QkA==",
      "cpu": [
        "arm64"
      ],
      "dev": true,
      "license": "MIT",
      "optional": true,
      "os": [
        "android"
      ]
    },
    "node_modules/@dprint/android-x64": {
      "version": "0.61.1",
      "resolved": "https://registry.npmjs.org/@dprint/android-x64/-/android-x64-0.61.1.tgz",
      "integrity": "sha512-dJeOiPBfyUHfiuD88bpE3k3PCexzJ+5lQRE+UMWMSRIzFYKAGH2pLyczyztgC7jrZr9erGxiLQxevOGBf4M3wA==",
      "cpu": [
        "x64"
      ],
      "dev": true,
      "license": "MIT",
      "optional": true,
      "os": [
        "android"
      ]
    },
    "node_modules/@dprint/darwin-arm64": {
      "version": "0.61.1",
      "resolved": "https://registry.npmjs.org/@dprint/darwin-arm64/-/darwin-arm64-0.61.1.tgz",
      "integrity": "sha512-5fBH/VBErS/oMCJHSs4YFLEV6XSMvbya8BO4OCVQih+/xljwPHE44xfHfS6IY/0kYNkkuFwfWSXnYwIczYinsQ==",
      "cpu": [
        "arm64"
      ],
      "dev": true,
      "license": "MIT",
      "optional": true,
      "os": [
        "darwin"
      ]
    },
    "node_modules/@dprint/darwin-x64": {
      "version": "0.61.1",
      "resolved": "https://registry.npmjs.org/@dprint/darwin-x64/-/darwin-x64-0.61.1.tgz",
      "integrity": "sha512-aWQvNBvidKX8o1d5lBtbRumy69mCzeAlV9qNQrjFeKIoA++9G8Brt30LC/IcZoQn0zwl4ce3rIONMpvp2VUXEw==",
      "cpu": [
        "x64"
      ],
      "dev": true,
      "license": "MIT",
      "optional": true,
      "os": [
        "darwin"
      ]
    },
    "node_modules/@dprint/json": {
      "version": "0.25.2",
      "resolved": "https://registry.npmjs.org/@dprint/json/-/json-0.25.2.tgz",
      "integrity": "sha512-QpOGNXL3cOunsB7IBPJxlIisMhFcIeMXSAWoavJKwjJjtOZW5sDojlgn2MPYNdHVgknZeQsUqDYyhGqqN1bYuQ==",
      "dev": true,
      "license": "MIT"
    },
    "node_modules/@dprint/linux-arm64-glibc": {
      "version": "0.61.1",
      "resolved": "https://registry.npmjs.org/@dprint/linux-arm64-glibc/-/linux-arm64-glibc-0.61.1.tgz",
      "integrity": "sha512-jH1K/ZGguz0lT/WKCnX5CkpKZrZCLh+c/7+D4tNgxdPdbw7INchpXZ6yIvhB5HGKjFDgLlDkJNVim2zlMqFfRw==",
      "cpu": [
        "arm64"
      ],
      "dev": true,
      "libc": [
        "glibc"
      ],
      "license": "MIT",
      "optional": true,
      "os": [
        "linux"
      ]
    },
    "node_modules/@dprint/linux-arm64-musl": {
      "version": "0.61.1",
      "resolved": "https://registry.npmjs.org/@dprint/linux-arm64-musl/-/linux-arm64-musl-0.61.1.tgz",
      "integrity": "sha512-ca4IsyzIBXUWl2xj3wH1PzLIamxQvC1qWe3XWJ5okCGQwWeP2LqLzwUUK4i5+nTcLz5kAzl1Xb/IoD/KRfdFbw==",
      "cpu": [
        "arm64"
      ],
      "dev": true,
      "libc": [
        "musl"
      ],
      "license": "MIT",
      "optional": true,
      "os": [
        "linux"
      ]
    },
    "node_modules/@dprint/linux-loong64-glibc": {
      "version": "0.61.1",
      "resolved": "https://registry.npmjs.org/@dprint/linux-loong64-glibc/-/linux-loong64-glibc-0.61.1.tgz",
      "integrity": "sha512-yfZxm/NXIC5R2Jnk8CKLX8vF/cigTh+p+L279eaZyN/dLqUF/FKCGqN4z2VdcscVFpFTI8lK9BBcm0PXWr/xAA==",
      "cpu": [
        "loong64"
      ],
      "dev": true,
      "libc": [
        "glibc"
      ],
      "license": "MIT",
      "optional": true,
      "os": [
        "linux"
      ]
    },
    "node_modules/@dprint/linux-loong64-musl": {
      "version": "0.61.1",
      "resolved": "https://registry.npmjs.org/@dprint/linux-loong64-musl/-/linux-loong64-musl-0.61.1.tgz",
      "integrity": "sha512-G/s2KRVs/YRallWz2i3UmF/6TXEM/BgeQoS5E9reiwwGkqMVBLyICEMOn2cyspYXbYxByct/mIX2jv2Lb3Fc8w==",
      "cpu": [
        "loong64"
      ],
      "dev": true,
      "libc": [
        "musl"
      ],
      "license": "MIT",
      "optional": true,
      "os": [
        "linux"
      ]
    },
    "node_modules/@dprint/linux-ppc64-glibc": {
      "version": "0.61.1",
      "resolved": "https://registry.npmjs.org/@dprint/linux-ppc64-glibc/-/linux-ppc64-glibc-0.61.1.tgz",
      "integrity": "sha512-Wkfk55VRwxhiTzcPzJnOx0S9aoS860qxLq0/M+5KFhpMja7C7BlEPtZgheCypiEjolewOxNO6Rt9F4cc85K0tw==",
      "cpu": [
        "ppc64"
      ],
      "dev": true,
      "libc": [
        "glibc"
      ],
      "license": "MIT",
      "optional": true,
      "os": [
        "linux"
      ]
    },
    "node_modules/@dprint/linux-ppc64-musl": {
      "version": "0.61.1",
      "resolved": "https://registry.npmjs.org/@dprint/linux-ppc64-musl/-/linux-ppc64-musl-0.61.1.tgz",
      "integrity": "sha512-8DE52I77rKiYTTMyt78BoRcPrN2C3mSx6JAPYb0Fe63K6vrpFhuQkf824uEAHAtZ2o4+pcfTdA11rCr6+dcL9w==",
      "cpu": [
        "ppc64"
      ],
      "dev": true,
      "libc": [
        "musl"
      ],
      "license": "MIT",
      "optional": true,
      "os": [
        "linux"
      ]
    },
    "node_modules/@dprint/linux-riscv64-glibc": {
      "version": "0.61.1",
      "resolved": "https://registry.npmjs.org/@dprint/linux-riscv64-glibc/-/linux-riscv64-glibc-0.61.1.tgz",
      "integrity": "sha512-MI1T85d2FXDjFSvcQqetoEP3tiwTFvwbLLt1a/wU+ooly3h03grPWJoM0aUv43eTbSkd0uvFAygo/hPrum5UUw==",
      "cpu": [
        "riscv64"
      ],
      "dev": true,
      "libc": [
        "glibc"
      ],
      "license": "MIT",
      "optional": true,
      "os": [
        "linux"
      ]
    },
    "node_modules/@dprint/linux-x64-glibc": {
      "version": "0.61.1",
      "resolved": "https://registry.npmjs.org/@dprint/linux-x64-glibc/-/linux-x64-glibc-0.61.1.tgz",
      "integrity": "sha512-YobVmInRC3b+PpNdsBuVVwhWVpHnbmDQrjbZc3ZacaUtefpy83W8kz0Dk9K5LMA4BwX23QE0Et4WyResQRR5xg==",
      "cpu": [
        "x64"
      ],
      "dev": true,
      "libc": [
        "glibc"
      ],
      "license": "MIT",
      "optional": true,
      "os": [
        "linux"
      ]
    },
    "node_modules/@dprint/linux-x64-musl": {
      "version": "0.61.1",
      "resolved": "https://registry.npmjs.org/@dprint/linux-x64-musl/-/linux-x64-musl-0.61.1.tgz",
      "integrity": "sha512-gznuy0kwu1UnKw7CgL46mzASQkgNg2PAuSEZ4OTChRusGss2UJa78IuP9+54xpZAvFcyE2CHTGh+2UAWuiMscQ==",
      "cpu": [
        "x64"
      ],
      "dev": true,
      "libc": [
        "musl"
      ],
      "license": "MIT",
      "optional": true,
      "os": [
        "linux"
      ]
    },
    "node_modules/@dprint/win32-arm64": {
      "version": "0.61.1",
      "resolved": "https://registry.npmjs.org/@dprint/win32-arm64/-/win32-arm64-0.61.1.tgz",
      "integrity": "sha512-jDqD5bB6ELBNBYtYPmZWKKZwGLGbNoF3akfZRFhqp93GHpggsClfLW9HOxcYyXNfajayZS1p9Efv0pGtEKravA==",
      "cpu": [
        "arm64"
      ],
      "dev": true,
      "license": "MIT",
      "optional": true,
      "os": [
        "win32"
      ]
    },
    "node_modules/@dprint/win32-x64": {
      "version": "0.61.1",
      "resolved": "https://registry.npmjs.org/@dprint/win32-x64/-/win32-x64-0.61.1.tgz",
      "integrity": "sha512-5b0PxKMz3cssRJPzrNoqn8h0WcXCc4cTwgrzCIVQbbpXvspT2fUrceRgyLBnPuTnPOOKbBM04Sg9ObZL/cDnrg==",
      "cpu": [
        "x64"
      ],
      "dev": true,
      "license": "MIT",
      "optional": true,
      "os": [
        "win32"
      ]
    },
    "node_modules/@oxc-project/types": {
      "version": "0.153.0",
      "resolved": "https://registry.npmjs.org/@oxc-project/types/-/types-0.153.0.tgz",
      "integrity": "sha512-jSNrRIyvPVLL5E1z/tS5zLAprosGz/FuI1PWwEOz59j3E4TTTzSpqKb/RDGqJhhW0QHYISGXxq582wGx6T11Tw==",
      "dev": true,
      "license": "MIT",
      "funding": {
        "url": "https://github.com/sponsors/oxc-project"
      }
    },
    "node_modules/@rolldown/binding-android-arm-eabi": {
      "version": "1.2.13",
      "resolved": "https://registry.npmjs.org/@rolldown/binding-android-arm-eabi/-/binding-android-arm-eabi-1.2.13.tgz",
      "integrity": "sha512-Vu/NICrgdRvUOeaJZIyB2FP63s6fO/4ud5l8dXmxDx9yDyn+mN0y+gsvsVviSli+T361Aqo0h46EuMoobrwawA==",
      "cpu": [
        "arm"
      ],
      "dev": true,
      "license": "MIT",
      "optional": true,
      "os": [
        "android"
      ],
      "engines": {
        "node": "^20.19.0 || >=22.12.0"
      }
    },
    "node_modules/@rolldown/binding-android-arm64": {
      "version": "1.2.13",
      "resolved": "https://registry.npmjs.org/@rolldown/binding-android-arm64/-/binding-android-arm64-1.2.13.tgz",
      "integrity": "sha512-6LEoIrGy5vvCd2boNnv2soPSUZj/PRvhp8R/t9KlX+mIZxThIE/ZqxrGXxmuNX0FuvQFvLdZr7S4HrYpYBVhEQ==",
      "cpu": [
        "arm64"
      ],
      "dev": true,
      "license": "MIT",
      "optional": true,
      "os": [
        "android"
      ],
      "engines": {
        "node": "^20.19.0 || >=22.12.0"
      }
    },
    "node_modules/@rolldown/binding-darwin-arm64": {
      "version": "1.2.13",
      "resolved": "https://registry.npmjs.org/@rolldown/binding-darwin-arm64/-/binding-darwin-arm64-1.2.13.tgz",
      "integrity": "sha512-CaJSRzlQ6Q+zkDMVA9OkVxBjVoPRCDEE3v0FSJ9kIQBgRjFApA3Si4ijhbNVUji7ZJt+PfO0e46qy4nPInHUPA==",
      "cpu": [
        "arm64"
      ],
      "dev": true,
      "license": "MIT",
      "optional": true,
      "os": [
        "darwin"
      ],
      "engines": {
        "node": "^20.19.0 || >=22.12.0"
      }
    },
    "node_modules/@rolldown/binding-darwin-x64": {
      "version": "1.2.13",
      "resolved": "https://registry.npmjs.org/@rolldown/binding-darwin-x64/-/binding-darwin-x64-1.2.13.tgz",
      "integrity": "sha512-e4r340I5hxSzJkD3YJBxgzq/rJ3wwxwdLLb2FPt1Zpyem20nrQPT11DDEEkazwxaHumH8wpglsp/Ozgj/wT6mw==",
      "cpu": [
        "x64"
      ],
      "dev": true,
      "license": "MIT",
      "optional": true,
      "os": [
        "darwin"
      ],
      "engines": {
        "node": "^20.19.0 || >=22.12.0"
      }
    },
    "node_modules/@rolldown/binding-freebsd-x64": {
      "version": "1.2.13",
      "resolved": "https://registry.npmjs.org/@rolldown/binding-freebsd-x64/-/binding-freebsd-x64-1.2.13.tgz",
      "integrity": "sha512-hoBWDZ4/K/mJKVMbsgUd1jfpA2DiOrJ54mpegObU9TBHBBrtX4FLIXJJQRDPZ/2Dn91GvPob+Z2hwKJzf4E5SQ==",
      "cpu": [
        "x64"
      ],
      "dev": true,
      "license": "MIT",
      "optional": true,
      "os": [
        "freebsd"
      ],
      "engines": {
        "node": "^20.19.0 || >=22.12.0"
      }
    },
    "node_modules/@rolldown/binding-linux-arm-gnueabihf": {
      "version": "1.2.13",
      "resolved": "https://registry.npmjs.org/@rolldown/binding-linux-arm-gnueabihf/-/binding-linux-arm-gnueabihf-1.2.13.tgz",
      "integrity": "sha512-oF9fZu3vTWnTiVAkDFxU9PJLt1nh20K9RRpuHsR7ZnE2L7XookBbDBVLojCVSLGbvtSlxeUNnjAj6DbNsKyzbg==",
      "cpu": [
        "arm"
      ],
      "dev": true,
      "license": "MIT",
      "optional": true,
      "os": [
        "linux"
      ],
      "engines": {
        "node": "^20.19.0 || >=22.12.0"
      }
    },
    "node_modules/@rolldown/binding-linux-arm64-gnu": {
      "version": "1.2.13",
      "resolved": "https://registry.npmjs.org/@rolldown/binding-linux-arm64-gnu/-/binding-linux-arm64-gnu-1.2.13.tgz",
      "integrity": "sha512-DTpb/+jMiqWMPgphn4ksW1zW+XLJ6dJJ9FMvnIk9I291LhCctMPhMYJrP5t9p6C9qa3KXadDdUEZHBaPh3kNxQ==",
      "cpu": [
        "arm64"
      ],
      "dev": true,
      "libc": [
        "glibc"
      ],
      "license": "MIT",
      "optional": true,
      "os": [
        "linux"
      ],
      "engines": {
        "node": "^20.19.0 || >=22.12.0"
      }
    },
    "node_modules/@rolldown/binding-linux-arm64-musl": {
      "version": "1.2.13",
      "resolved": "https://registry.npmjs.org/@rolldown/binding-linux-arm64-musl/-/binding-linux-arm64-musl-1.2.13.tgz",
      "integrity": "sha512-xU+Kvv9N2A3SY35zFh1FWWNjxbadE/BKeqnkXe7vScU4GZsw757BlVmDLITZEq8DPpk6m7uoDYkK7P+x/uU5Ow==",
      "cpu": [
        "arm64"
      ],
      "dev": true,
      "libc": [
        "musl"
      ],
      "license": "MIT",
      "optional": true,
      "os": [
        "linux"
      ],
      "engines": {
        "node": "^20.19.0 || >=22.12.0"
      }
    },
    "node_modules/@rolldown/binding-linux-ppc64-gnu": {
      "version": "1.2.13",
      "resolved": "https://registry.npmjs.org/@rolldown/binding-linux-ppc64-gnu/-/binding-linux-ppc64-gnu-1.2.13.tgz",
      "integrity": "sha512-XMk/hnhh25oQ756Lclb1Q11h4ll0xC0Esa5w4Vzp+mAE2S3AGJgeM0SonrIgY8fHhjarb6hcoTuwoFG0VVP2ig==",
      "cpu": [
        "ppc64"
      ],
      "dev": true,
      "libc": [
        "glibc"
      ],
      "license": "MIT",
      "optional": true,
      "os": [
        "linux"
      ],
      "engines": {
        "node": "^20.19.0 || >=22.12.0"
      }
    },
    "node_modules/@rolldown/binding-linux-s390x-gnu": {
      "version": "1.2.13",
      "resolved": "https://registry.npmjs.org/@rolldown/binding-linux-s390x-gnu/-/binding-linux-s390x-gnu-1.2.13.tgz",
      "integrity": "sha512-U1BoTHYmlywE2n3HUWjzZ+8EQsKr+OwpxYuDWaubx42tUL8QSL7nOqRz/NVHanibbFP3M1Rxuprz/wNcbMKjqw==",
      "cpu": [
        "s390x"
      ],
      "dev": true,
      "libc": [
        "glibc"
      ],
      "license": "MIT",
      "optional": true,
      "os": [
        "linux"
      ],
      "engines": {
        "node": "^20.19.0 || >=22.12.0"
      }
    },
    "node_modules/@rolldown/binding-linux-x64-gnu": {
      "version": "1.2.13",
      "resolved": "https://registry.npmjs.org/@rolldown/binding-linux-x64-gnu/-/binding-linux-x64-gnu-1.2.13.tgz",
      "integrity": "sha512-J4cm80Pc6wEwV5AZ42o62sIQgDk+Y7R2s646jIwuvO+4V46QB58N4vVuMPWCBaNgursXLpmUWJV//WQAkPvHBQ==",
      "cpu": [
        "x64"
      ],
      "dev": true,
      "libc": [
        "glibc"
      ],
      "license": "MIT",
      "optional": true,
      "os": [
        "linux"
      ],
      "engines": {
        "node": "^20.19.0 || >=22.12.0"
      }
    },
    "node_modules/@rolldown/binding-linux-x64-musl": {
      "version": "1.2.13",
      "resolved": "https://registry.npmjs.org/@rolldown/binding-linux-x64-musl/-/binding-linux-x64-musl-1.2.13.tgz",
      "integrity": "sha512-W0euZS40U4V6JkmEnVCIX9mcsL6cbXQ4X8c2w+MMOIjFg68TXUW+u3RT+2e1t1pv9mg/EP3pDtK3POXdQ7Rxyw==",
      "cpu": [
        "x64"
      ],
      "dev": true,
      "libc": [
        "musl"
      ],
      "license": "MIT",
      "optional": true,
      "os": [
        "linux"
      ],
      "engines": {
        "node": "^20.19.0 || >=22.12.0"
      }
    },
    "node_modules/@rolldown/binding-openharmony-arm64": {
      "version": "1.2.13",
      "resolved": "https://registry.npmjs.org/@rolldown/binding-openharmony-arm64/-/binding-openharmony-arm64-1.2.13.tgz",
      "integrity": "sha512-do/AF/4n9MRshia3a5aXoy8xM2c6mgfT6D7H/dY6my5z+hfCIR4ab7mk4IRj++nsEQpKy39kd0DQnDq+r692tw==",
      "cpu": [
        "arm64"
      ],
      "dev": true,
      "license": "MIT",
      "optional": true,
      "os": [
        "openharmony"
      ],
      "engines": {
        "node": "^20.19.0 || >=22.12.0"
      }
    },
    "node_modules/@rolldown/binding-win32-arm64-msvc": {
      "version": "1.2.13",
      "resolved": "https://registry.npmjs.org/@rolldown/binding-win32-arm64-msvc/-/binding-win32-arm64-msvc-1.2.13.tgz",
      "integrity": "sha512-6FtUf2cJZobutJdxnGYX8z0vtbgqU0b2v8vfBhkXb9wp2MppMFtkunE+IaOntyi01rkIQoPW2GHABtfzsC0BRQ==",
      "cpu": [
        "arm64"
      ],
      "dev": true,
      "license": "MIT",
      "optional": true,
      "os": [
        "win32"
      ],
      "engines": {
        "node": "^20.19.0 || >=22.12.0"
      }
    },
    "node_modules/@rolldown/binding-win32-x64-msvc": {
      "version": "1.2.13",
      "resolved": "https://registry.npmjs.org/@rolldown/binding-win32-x64-msvc/-/binding-win32-x64-msvc-1.2.13.tgz",
      "integrity": "sha512-UKhFaZTeTcbKrb3iU82m17jVcPEAoqDkCN5MBqgPyZSwp/cQmib21crTS0DdH7T1B7wZRWEI89YQAOJMet5yhg==",
      "cpu": [
        "x64"
      ],
      "dev": true,
      "license": "MIT",
      "optional": true,
      "os": [
        "win32"
      ],
      "engines": {
        "node": "^20.19.0 || >=22.12.0"
      }
    },
    "node_modules/@rolldown/pluginutils": {
      "version": "1.0.1",
      "resolved": "https://registry.npmjs.org/@rolldown/pluginutils/-/pluginutils-1.0.1.tgz",
      "integrity": "sha512-2j9bGt5Jh8hj+vPtgzPtl72j0yRxHAyumoo6TNfAjsLB04UtpSvPbPcDcBMxz7n+9CYB0c1GxQFxYRg2jimqGw==",
      "dev": true,
      "license": "MIT"
    },
    "node_modules/@rumdl/cli-darwin-arm64": {
      "version": "0.2.78",
      "resolved": "https://registry.npmjs.org/@rumdl/cli-darwin-arm64/-/cli-darwin-arm64-0.2.78.tgz",
      "integrity": "sha512-wuY7EL6Eda+2LyrOROr1OsenfxASDX/Zo8yel6HTmulhpUmjR1G4Bfr45KRii4pSr1e+WlGAgOejHY+AVT7suw==",
      "cpu": [
        "arm64"
      ],
      "dev": true,
      "license": "MIT",
      "optional": true,
      "os": [
        "darwin"
      ],
      "engines": {
        "node": ">=18.0.0"
      }
    },
    "node_modules/@rumdl/cli-darwin-x64": {
      "version": "0.2.78",
      "resolved": "https://registry.npmjs.org/@rumdl/cli-darwin-x64/-/cli-darwin-x64-0.2.78.tgz",
      "integrity": "sha512-L1Zz8/0i0qwkncx3/SirHsTQDgqav4R91wp9EFVcp54mKxbpOejZm14/dCzJ0LRzypkBRNECmCYG4H86g6gTiA==",
      "cpu": [
        "x64"
      ],
      "dev": true,
      "license": "MIT",
      "optional": true,
      "os": [
        "darwin"
      ],
      "engines": {
        "node": ">=18.0.0"
      }
    },
    "node_modules/@rumdl/cli-linux-arm64": {
      "version": "0.2.78",
      "resolved": "https://registry.npmjs.org/@rumdl/cli-linux-arm64/-/cli-linux-arm64-0.2.78.tgz",
      "integrity": "sha512-j3r4Fe8+iydQSLUlko5apW4bvLITvD+Kqp848kZE7NzGhgKPRTlm9nFqrpQnZ2dBWjBCxa5Lj4b3O7BjdWRo1Q==",
      "cpu": [
        "arm64"
      ],
      "dev": true,
      "libc": [
        "glibc"
      ],
      "license": "MIT",
      "optional": true,
      "os": [
        "linux"
      ],
      "engines": {
        "node": ">=18.0.0"
      }
    },
    "node_modules/@rumdl/cli-linux-arm64-musl": {
      "version": "0.2.78",
      "resolved": "https://registry.npmjs.org/@rumdl/cli-linux-arm64-musl/-/cli-linux-arm64-musl-0.2.78.tgz",
      "integrity": "sha512-1zRG9dOGiasBR4R8/qAoMzVRBjT9yeB8ysCoXemJHM5KiRJidw6NM336BOkAT4Ujj/FWgZcpCLE/iQBvtItnmw==",
      "cpu": [
        "arm64"
      ],
      "dev": true,
      "libc": [
        "musl"
      ],
      "license": "MIT",
      "optional": true,
      "os": [
        "linux"
      ],
      "engines": {
        "node": ">=18.0.0"
      }
    },
    "node_modules/@rumdl/cli-linux-x64": {
      "version": "0.2.78",
      "resolved": "https://registry.npmjs.org/@rumdl/cli-linux-x64/-/cli-linux-x64-0.2.78.tgz",
      "integrity": "sha512-zkrnqmxV+/eBDVg98TDPW3ZSL8CfXjwm1QsOO/vEREa5cgbE03iUP1D/UJE3z4Rypv2GRcnRiOtgsuhhebOEgA==",
      "cpu": [
        "x64"
      ],
      "dev": true,
      "libc": [
        "glibc"
      ],
      "license": "MIT",
      "optional": true,
      "os": [
        "linux"
      ],
      "engines": {
        "node": ">=18.0.0"
      }
    },
    "node_modules/@rumdl/cli-linux-x64-musl": {
      "version": "0.2.78",
      "resolved": "https://registry.npmjs.org/@rumdl/cli-linux-x64-musl/-/cli-linux-x64-musl-0.2.78.tgz",
      "integrity": "sha512-E477aK9qrunFkE4XTNZLrfz5BU4KS+W13VnjTv5Qh8fdxlAVxlh6aWoYB7BzbzXQSEgNe/yi1u3r3EHcwgP+dw==",
      "cpu": [
        "x64"
      ],
      "dev": true,
      "libc": [
        "musl"
      ],
      "license": "MIT",
      "optional": true,
      "os": [
        "linux"
      ],
      "engines": {
        "node": ">=18.0.0"
      }
    },
    "node_modules/@rumdl/cli-win32-x64": {
      "version": "0.2.78",
      "resolved": "https://registry.npmjs.org/@rumdl/cli-win32-x64/-/cli-win32-x64-0.2.78.tgz",
      "integrity": "sha512-4DaBXu3tFVNc/2eflJADguC4Hf8ookxYh3ie7XsLFxYEJrfXeGqD1j1ZIVXg+dZDG22+R1VEwFT6JsCOG3ntWA==",
      "cpu": [
        "x64"
      ],
      "dev": true,
      "license": "MIT",
      "optional": true,
      "os": [
        "win32"
      ],
      "engines": {
        "node": ">=18.0.0"
      }
    },
    "node_modules/@tombi-toml/cli-darwin-arm64": {
      "version": "1.7.3",
      "resolved": "https://registry.npmjs.org/@tombi-toml/cli-darwin-arm64/-/cli-darwin-arm64-1.7.3.tgz",
      "integrity": "sha512-hU2rJV5FGGFi6s166LuJqZvrkiOE6+AhrRlhU14yLzwgKqF8SuvF8t1lPa0oKW9JFm1DhAb8hyyw/fS1TCTN8w==",
      "cpu": [
        "arm64"
      ],
      "dev": true,
      "license": "MIT",
      "optional": true,
      "os": [
        "darwin"
      ],
      "engines": {
        "node": ">=14.0.0"
      }
    },
    "node_modules/@tombi-toml/cli-darwin-x64": {
      "version": "1.7.3",
      "resolved": "https://registry.npmjs.org/@tombi-toml/cli-darwin-x64/-/cli-darwin-x64-1.7.3.tgz",
      "integrity": "sha512-9lgO5e9n/uoydFrG1kUs5l0JasCb93evw+V81dD4Fj8eaLVvmAPVmSWphc+NIbDMRC2ySeSkXvUu+YswKJRV9A==",
      "cpu": [
        "x64"
      ],
      "dev": true,
      "license": "MIT",
      "optional": true,
      "os": [
        "darwin"
      ],
      "engines": {
        "node": ">=14.0.0"
      }
    },
    "node_modules/@tombi-toml/cli-linux-arm64": {
      "version": "1.7.3",
      "resolved": "https://registry.npmjs.org/@tombi-toml/cli-linux-arm64/-/cli-linux-arm64-1.7.3.tgz",
      "integrity": "sha512-Y7WB4w6X0y5VUKdPqaKlgduAH1QZZ353+czVsi5c7Go6aOT0fogGNrweeXaFhQHi2xdTkL4HuifL6WAz44XTMA==",
      "cpu": [
        "arm64"
      ],
      "dev": true,
      "libc": [
        "glibc"
      ],
      "license": "MIT",
      "optional": true,
      "os": [
        "linux"
      ],
      "engines": {
        "node": ">=14.0.0"
      }
    },
    "node_modules/@tombi-toml/cli-linux-arm64-musl": {
      "version": "1.7.3",
      "resolved": "https://registry.npmjs.org/@tombi-toml/cli-linux-arm64-musl/-/cli-linux-arm64-musl-1.7.3.tgz",
      "integrity": "sha512-eu0tQh5kbAg+C/0MMsW9rYRDaKeCLq+IdPfDcQsXu7D7+TJtzSiMqHnLh9E+AEGLU4NejNSNpHJUe/NSqWEtMg==",
      "cpu": [
        "arm64"
      ],
      "dev": true,
      "libc": [
        "musl"
      ],
      "license": "MIT",
      "optional": true,
      "os": [
        "linux"
      ],
      "engines": {
        "node": ">=14.0.0"
      }
    },
    "node_modules/@tombi-toml/cli-linux-x64": {
      "version": "1.7.3",
      "resolved": "https://registry.npmjs.org/@tombi-toml/cli-linux-x64/-/cli-linux-x64-1.7.3.tgz",
      "integrity": "sha512-QshLGGFcnNZMjBjpr8C4pNcPsZvjmOI6IzFBLA1PW1tuvC7vE4Tk5RlCgZYTj4VgGuBIcWKHD6ePHuqXsRUxtw==",
      "cpu": [
        "x64"
      ],
      "dev": true,
      "libc": [
        "glibc"
      ],
      "license": "MIT",
      "optional": true,
      "os": [
        "linux"
      ],
      "engines": {
        "node": ">=14.0.0"
      }
    },
    "node_modules/@tombi-toml/cli-linux-x64-musl": {
      "version": "1.7.3",
      "resolved": "https://registry.npmjs.org/@tombi-toml/cli-linux-x64-musl/-/cli-linux-x64-musl-1.7.3.tgz",
      "integrity": "sha512-gokqNUL0gwMDGc4kKMFoZW59VK5HEFZpi186zp6t7xGK1gMAbQeD/bB2r+d4OEsMDbZQjMkKtzqWDQK/MU1qIw==",
      "cpu": [
        "x64"
      ],
      "dev": true,
      "libc": [
        "musl"
      ],
      "license": "MIT",
      "optional": true,
      "os": [
        "linux"
      ],
      "engines": {
        "node": ">=14.0.0"
      }
    },
    "node_modules/@tombi-toml/cli-sunos-x64": {
      "version": "1.7.3",
      "resolved": "https://registry.npmjs.org/@tombi-toml/cli-sunos-x64/-/cli-sunos-x64-1.7.3.tgz",
      "integrity": "sha512-CU+0IcWP8Ph2ghn8sAfmMCRmUfcPwkSKmRkNjHX/UrLPaBnEQa9S6ruNaGxpfh9dhlXhUNAPZrF2hM5gq0pZPQ==",
      "cpu": [
        "x64"
      ],
      "dev": true,
      "license": "MIT",
      "optional": true,
      "os": [
        "sunos"
      ],
      "engines": {
        "node": ">=14.0.0"
      }
    },
    "node_modules/@tombi-toml/cli-win32-arm64": {
      "version": "1.7.3",
      "resolved": "https://registry.npmjs.org/@tombi-toml/cli-win32-arm64/-/cli-win32-arm64-1.7.3.tgz",
      "integrity": "sha512-aGs78OqtvBNz/7XX8V6eBb8VvOt2nW5KTrd3SXmf3avmwK9PeXisvEml2ycw+ucyQL4e3QvD+j3eYowUtj+qMA==",
      "cpu": [
        "arm64"
      ],
      "dev": true,
      "license": "MIT",
      "optional": true,
      "os": [
        "win32"
      ],
      "engines": {
        "node": ">=14.0.0"
      }
    },
    "node_modules/@tombi-toml/cli-win32-x64": {
      "version": "1.7.3",
      "resolved": "https://registry.npmjs.org/@tombi-toml/cli-win32-x64/-/cli-win32-x64-1.7.3.tgz",
      "integrity": "sha512-acFu+bWgz5seBLZ58ork8h+MfYtjPkwEZmmFH3dnnCogF02rGNxmf8IycTLOYebrDkb0ALJgm6cImk1CxjM3Cg==",
      "cpu": [
        "x64"
      ],
      "dev": true,
      "license": "MIT",
      "optional": true,
      "os": [
        "win32"
      ],
      "engines": {
        "node": ">=14.0.0"
      }
    },
    "node_modules/detect-libc": {
      "version": "2.1.2",
      "resolved": "https://registry.npmjs.org/detect-libc/-/detect-libc-2.1.2.tgz",
      "integrity": "sha512-Btj2BOOO83o3WyH59e8MgXsxEQVcarkUOpEYrubB0urwnN10yQ364rsiByU11nZlqWYZm05i/of7io4mzihBtQ==",
      "dev": true,
      "license": "Apache-2.0",
      "engines": {
        "node": ">=8"
      }
    },
    "node_modules/dprint": {
      "version": "0.61.1",
      "resolved": "https://registry.npmjs.org/dprint/-/dprint-0.61.1.tgz",
      "integrity": "sha512-x0LRjQ9UHVntkZKBs4MgxBIqRWFtQLSr2TsYF3Ol667vpT01sYWYHOZ5cQ14IYMWHdZIB7yxpnQNvQbO8/HqNw==",
      "dev": true,
      "hasInstallScript": true,
      "license": "MIT",
      "bin": {
        "dprint": "bin.cjs"
      },
      "optionalDependencies": {
        "@dprint/android-arm64": "0.61.1",
        "@dprint/android-x64": "0.61.1",
        "@dprint/darwin-arm64": "0.61.1",
        "@dprint/darwin-x64": "0.61.1",
        "@dprint/linux-arm64-glibc": "0.61.1",
        "@dprint/linux-arm64-musl": "0.61.1",
        "@dprint/linux-loong64-glibc": "0.61.1",
        "@dprint/linux-loong64-musl": "0.61.1",
        "@dprint/linux-ppc64-glibc": "0.61.1",
        "@dprint/linux-ppc64-musl": "0.61.1",
        "@dprint/linux-riscv64-glibc": "0.61.1",
        "@dprint/linux-x64-glibc": "0.61.1",
        "@dprint/linux-x64-musl": "0.61.1",
        "@dprint/win32-arm64": "0.61.1",
        "@dprint/win32-x64": "0.61.1"
      }
    },
    "node_modules/dprint-plugin-markup": {
      "version": "0.27.5",
      "resolved": "https://registry.npmjs.org/dprint-plugin-markup/-/dprint-plugin-markup-0.27.5.tgz",
      "integrity": "sha512-kvydX+uwpqVddbC18VJDG8baC6BB4Kdi2GONX3xbMws8ebyy9FL4m7WecJ207eB7oqtFJNdEOw93EklkuJCqag==",
      "dev": true,
      "license": "MIT"
    },
    "node_modules/dprint-plugin-yaml": {
      "version": "0.6.0",
      "resolved": "https://registry.npmjs.org/dprint-plugin-yaml/-/dprint-plugin-yaml-0.6.0.tgz",
      "integrity": "sha512-jFCM6LxutTjfiSR7BtDhbZA2OvuqYY9xksULg0vdu0nZV1hiaupvRfJHGZSiQS9aLmqMNc+5WcHpOBSwxCK7qQ==",
      "dev": true,
      "license": "MIT"
    },
    "node_modules/fdir": {
      "version": "6.5.0",
      "resolved": "https://registry.npmjs.org/fdir/-/fdir-6.5.0.tgz",
      "integrity": "sha512-tIbYtZbucOs0BRGqPJkshJUYdL+SDH7dVM8gjy+ERp3WAUjLEFJE+02kanyHtwjWOnwrKYBiwAmM0p4kLJAnXg==",
      "dev": true,
      "license": "MIT",
      "engines": {
        "node": ">=12.0.0"
      },
      "peerDependencies": {
        "picomatch": "^3 || ^4"
      },
      "peerDependenciesMeta": {
        "picomatch": {
          "optional": true
        }
      }
    },
    "node_modules/fsevents": {
      "version": "2.3.3",
      "resolved": "https://registry.npmjs.org/fsevents/-/fsevents-2.3.3.tgz",
      "integrity": "sha512-5xoDfX+fL7faATnagmWPpbFtwh/R77WmMMqqHGS65C3vvB0YHrgF+B1YmZ3441tMj5n63k0212XNoJwzlhffQw==",
      "dev": true,
      "hasInstallScript": true,
      "license": "MIT",
      "optional": true,
      "os": [
        "darwin"
      ],
      "engines": {
        "node": "^8.16.0 || ^10.6.0 || >=11.0.0"
      }
    },
    "node_modules/lightningcss": {
      "version": "1.33.0",
      "resolved": "https://registry.npmjs.org/lightningcss/-/lightningcss-1.33.0.tgz",
      "integrity": "sha512-WkUDrojuJs0xkgGf2udWxa3yGBRxPtxUkB79i6aCZLRgc7PM8fZe9TosfPDcvEpQZbuFASnHYmRLBLUbmLOIIA==",
      "dev": true,
      "license": "MPL-2.0",
      "dependencies": {
        "detect-libc": "^2.0.3"
      },
      "engines": {
        "node": ">= 12.0.0"
      },
      "funding": {
        "type": "opencollective",
        "url": "https://opencollective.com/parcel"
      },
      "optionalDependencies": {
        "lightningcss-android-arm64": "1.33.0",
        "lightningcss-darwin-arm64": "1.33.0",
        "lightningcss-darwin-x64": "1.33.0",
        "lightningcss-freebsd-x64": "1.33.0",
        "lightningcss-linux-arm-gnueabihf": "1.33.0",
        "lightningcss-linux-arm64-gnu": "1.33.0",
        "lightningcss-linux-arm64-musl": "1.33.0",
        "lightningcss-linux-x64-gnu": "1.33.0",
        "lightningcss-linux-x64-musl": "1.33.0",
        "lightningcss-win32-arm64-msvc": "1.33.0",
        "lightningcss-win32-x64-msvc": "1.33.0"
      }
    },
    "node_modules/lightningcss-android-arm64": {
      "version": "1.33.0",
      "resolved": "https://registry.npmjs.org/lightningcss-android-arm64/-/lightningcss-android-arm64-1.33.0.tgz",
      "integrity": "sha512-gEpRTalKdosp4Bb8qWtc2iOgE5SeIHlpS1up9bFq2wAyYhl1UdTObYiHe98zEM9SQvSoqQZ1IQD0JNpg3Ml5pg==",
      "cpu": [
        "arm64"
      ],
      "dev": true,
      "license": "MPL-2.0",
      "optional": true,
      "os": [
        "android"
      ],
      "engines": {
        "node": ">= 12.0.0"
      },
      "funding": {
        "type": "opencollective",
        "url": "https://opencollective.com/parcel"
      }
    },
    "node_modules/lightningcss-darwin-arm64": {
      "version": "1.33.0",
      "resolved": "https://registry.npmjs.org/lightningcss-darwin-arm64/-/lightningcss-darwin-arm64-1.33.0.tgz",
      "integrity": "sha512-Sciaz8eenNTKn9b3t7+xr0ipTp9YxKQY4npwQ3mrRuL0BAVHBLyZxofhaKBAVtzmtRZ/zTyo0/to4B1uWG/Djg==",
      "cpu": [
        "arm64"
      ],
      "dev": true,
      "license": "MPL-2.0",
      "optional": true,
      "os": [
        "darwin"
      ],
      "engines": {
        "node": ">= 12.0.0"
      },
      "funding": {
        "type": "opencollective",
        "url": "https://opencollective.com/parcel"
      }
    },
    "node_modules/lightningcss-darwin-x64": {
      "version": "1.33.0",
      "resolved": "https://registry.npmjs.org/lightningcss-darwin-x64/-/lightningcss-darwin-x64-1.33.0.tgz",
      "integrity": "sha512-Z5UPAxzrjlWNNyGy6i65cJzzvgJ5D3T6wMvs+gWpY9d7qRhANrxqAp6LhxIgZhWEw18RfJTGcRxjuLIBr+m8XQ==",
      "cpu": [
        "x64"
      ],
      "dev": true,
      "license": "MPL-2.0",
      "optional": true,
      "os": [
        "darwin"
      ],
      "engines": {
        "node": ">= 12.0.0"
      },
      "funding": {
        "type": "opencollective",
        "url": "https://opencollective.com/parcel"
      }
    },
    "node_modules/lightningcss-freebsd-x64": {
      "version": "1.33.0",
      "resolved": "https://registry.npmjs.org/lightningcss-freebsd-x64/-/lightningcss-freebsd-x64-1.33.0.tgz",
      "integrity": "sha512-QQM/Ti/hQajJwCY+RiWuCZ9sdtI/XQk7nDK5vC8kkdwixezOlDgvDx7+RT+QjK6FcFT4MpsuoBnHIo/O3StRRg==",
      "cpu": [
        "x64"
      ],
      "dev": true,
      "license": "MPL-2.0",
      "optional": true,
      "os": [
        "freebsd"
      ],
      "engines": {
        "node": ">= 12.0.0"
      },
      "funding": {
        "type": "opencollective",
        "url": "https://opencollective.com/parcel"
      }
    },
    "node_modules/lightningcss-linux-arm-gnueabihf": {
      "version": "1.33.0",
      "resolved": "https://registry.npmjs.org/lightningcss-linux-arm-gnueabihf/-/lightningcss-linux-arm-gnueabihf-1.33.0.tgz",
      "integrity": "sha512-N7FVBe6iS24MlM6R/4RBTxGhQheZGs7tiQ9U32UtF75NzP5Q7xWPRqLBCKxlRQRk3rY1jCIPLzx7WzOhuUIRLQ==",
      "cpu": [
        "arm"
      ],
      "dev": true,
      "license": "MPL-2.0",
      "optional": true,
      "os": [
        "linux"
      ],
      "engines": {
        "node": ">= 12.0.0"
      },
      "funding": {
        "type": "opencollective",
        "url": "https://opencollective.com/parcel"
      }
    },
    "node_modules/lightningcss-linux-arm64-gnu": {
      "version": "1.33.0",
      "resolved": "https://registry.npmjs.org/lightningcss-linux-arm64-gnu/-/lightningcss-linux-arm64-gnu-1.33.0.tgz",
      "integrity": "sha512-j2v/itmy4HlNxlc6voKXYgBqNi0Ng2LShg4z7GufpEgs05P+2suBVyi9I6YHq5uoVFx9ETin3eCEhLVyXGQnKg==",
      "cpu": [
        "arm64"
      ],
      "dev": true,
      "libc": [
        "glibc"
      ],
      "license": "MPL-2.0",
      "optional": true,
      "os": [
        "linux"
      ],
      "engines": {
        "node": ">= 12.0.0"
      },
      "funding": {
        "type": "opencollective",
        "url": "https://opencollective.com/parcel"
      }
    },
    "node_modules/lightningcss-linux-arm64-musl": {
      "version": "1.33.0",
      "resolved": "https://registry.npmjs.org/lightningcss-linux-arm64-musl/-/lightningcss-linux-arm64-musl-1.33.0.tgz",
      "integrity": "sha512-yiO5ROMuYQgXbC60yjZU5CYSFZGKXL0HFATXt9mHJn1+zW55oCtMI9NfcVhYLMFDL7gV7oBPon/EmMMGg2OvtQ==",
      "cpu": [
        "arm64"
      ],
      "dev": true,
      "libc": [
        "musl"
      ],
      "license": "MPL-2.0",
      "optional": true,
      "os": [
        "linux"
      ],
      "engines": {
        "node": ">= 12.0.0"
      },
      "funding": {
        "type": "opencollective",
        "url": "https://opencollective.com/parcel"
      }
    },
    "node_modules/lightningcss-linux-x64-gnu": {
      "version": "1.33.0",
      "resolved": "https://registry.npmjs.org/lightningcss-linux-x64-gnu/-/lightningcss-linux-x64-gnu-1.33.0.tgz",
      "integrity": "sha512-ar+Ju7LmcN0Jo4FpL4hpFybwNG9/3A/Br5KW2n2jyODg3MEZXaDYADdemoNS+BDNfMgKvylJLj4S5tyRActuAg==",
      "cpu": [
        "x64"
      ],
      "dev": true,
      "libc": [
        "glibc"
      ],
      "license": "MPL-2.0",
      "optional": true,
      "os": [
        "linux"
      ],
      "engines": {
        "node": ">= 12.0.0"
      },
      "funding": {
        "type": "opencollective",
        "url": "https://opencollective.com/parcel"
      }
    },
    "node_modules/lightningcss-linux-x64-musl": {
      "version": "1.33.0",
      "resolved": "https://registry.npmjs.org/lightningcss-linux-x64-musl/-/lightningcss-linux-x64-musl-1.33.0.tgz",
      "integrity": "sha512-RYiYbkokw0trfKqqzfF55lginwEPrD3OJDfTuJzFs1MK6iFnDenaz1fqLLtX4ITG3OktJQXOeTaw1awrBAlZPw==",
      "cpu": [
        "x64"
      ],
      "dev": true,
      "libc": [
        "musl"
      ],
      "license": "MPL-2.0",
      "optional": true,
      "os": [
        "linux"
      ],
      "engines": {
        "node": ">= 12.0.0"
      },
      "funding": {
        "type": "opencollective",
        "url": "https://opencollective.com/parcel"
      }
    },
    "node_modules/lightningcss-win32-arm64-msvc": {
      "version": "1.33.0",
      "resolved": "https://registry.npmjs.org/lightningcss-win32-arm64-msvc/-/lightningcss-win32-arm64-msvc-1.33.0.tgz",
      "integrity": "sha512-1K+MPfLSFVpphzpdbfkhlWk6wBrTObBzS2T6db10PNOZgR9GoVsAWzwNyuhUYYbTp23j+4RrncfujZ4uAzXvwA==",
      "cpu": [
        "arm64"
      ],
      "dev": true,
      "license": "MPL-2.0",
      "optional": true,
      "os": [
        "win32"
      ],
      "engines": {
        "node": ">= 12.0.0"
      },
      "funding": {
        "type": "opencollective",
        "url": "https://opencollective.com/parcel"
      }
    },
    "node_modules/lightningcss-win32-x64-msvc": {
      "version": "1.33.0",
      "resolved": "https://registry.npmjs.org/lightningcss-win32-x64-msvc/-/lightningcss-win32-x64-msvc-1.33.0.tgz",
      "integrity": "sha512-OlEICDx/Xl0FqSp4bry8zFnCvGpig3Gl4gCquvYwHuqJKEC1+n9NgDniFvqHGmMv1ZkqDJrDqKKSykTDX+ehuA==",
      "cpu": [
        "x64"
      ],
      "dev": true,
      "license": "MPL-2.0",
      "optional": true,
      "os": [
        "win32"
      ],
      "engines": {
        "node": ">= 12.0.0"
      },
      "funding": {
        "type": "opencollective",
        "url": "https://opencollective.com/parcel"
      }
    },
    "node_modules/nanoid": {
      "version": "3.3.20",
      "resolved": "https://registry.npmjs.org/nanoid/-/nanoid-3.3.20.tgz",
      "integrity": "sha512-uKdg2G3GNCKQn9byYOpxbGqrT2fGO5KRt5J/8b3pok8rT6qxGWF6hxMyJiEYtAf+FVyYuD9hRaDqX5uPFYJ4ZQ==",
      "dev": true,
      "funding": [
        {
          "type": "github",
          "url": "https://github.com/sponsors/ai"
        }
      ],
      "license": "MIT",
      "bin": {
        "nanoid": "bin/nanoid.cjs"
      },
      "engines": {
        "node": "^10 || ^12 || ^13.7 || ^14 || >=15.0.1"
      }
    },
    "node_modules/picocolors": {
      "version": "1.1.1",
      "resolved": "https://registry.npmjs.org/picocolors/-/picocolors-1.1.1.tgz",
      "integrity": "sha512-xceH2snhtb5M9liqDsmEw56le376mTZkEX/jEb/RxNFyegNul7eNslCXP9FDj/Lcu0X8KEyMceP2ntpaHrDEVA==",
      "dev": true,
      "license": "ISC"
    },
    "node_modules/picomatch": {
      "version": "4.0.7",
      "resolved": "https://registry.npmjs.org/picomatch/-/picomatch-4.0.7.tgz",
      "integrity": "sha512-qcJu88Q2IWqJsDD529JKMdwGm/dvInW4HvQnRwiH9JtihJvzGOscDtHE3x1pBKeUOTysQ8kVmLnJ2kJu7yhcGA==",
      "dev": true,
      "license": "MIT",
      "engines": {
        "node": ">=12"
      },
      "funding": {
        "url": "https://github.com/sponsors/jonschlinkert"
      }
    },
    "node_modules/postcss": {
      "version": "8.5.29",
      "resolved": "https://registry.npmjs.org/postcss/-/postcss-8.5.29.tgz",
      "integrity": "sha512-49cGhUbXj8Qenv0iTMxA1cFBzxXoctpC9Ujd77t1WcbJIr6nF/eI7g/8MgxrYldFRuAXvja7xQRwavoW7kgrxQ==",
      "dev": true,
      "funding": [
        {
          "type": "opencollective",
          "url": "https://opencollective.com/postcss/"
        },
        {
          "type": "tidelift",
          "url": "https://tidelift.com/funding/github/npm/postcss"
        },
        {
          "type": "github",
          "url": "https://github.com/sponsors/ai"
        }
      ],
      "license": "MIT",
      "dependencies": {
        "nanoid": "^3.3.19",
        "picocolors": "^1.1.1",
        "source-map-js": "^1.2.2"
      },
      "engines": {
        "node": "^10 || ^12 || >=14"
      }
    },
    "node_modules/rolldown": {
      "version": "1.2.13",
      "resolved": "https://registry.npmjs.org/rolldown/-/rolldown-1.2.13.tgz",
      "integrity": "sha512-/5apOkwWxtACcQtZ5WlrAsKS4JwXVThQPJZ3RqIruRY9UG9M8e0VlXN068xum/JRKA4aIUoJ13ghe/kGCvidiQ==",
      "dev": true,
      "license": "MIT",
      "dependencies": {
        "@oxc-project/types": "=0.153.0",
        "@rolldown/pluginutils": "^1.0.0"
      },
      "bin": {
        "rolldown": "bin/cli.mjs"
      },
      "engines": {
        "node": "^20.19.0 || >=22.12.0"
      },
      "optionalDependencies": {
        "@rolldown/binding-android-arm-eabi": "1.2.13",
        "@rolldown/binding-android-arm64": "1.2.13",
        "@rolldown/binding-darwin-arm64": "1.2.13",
        "@rolldown/binding-darwin-x64": "1.2.13",
        "@rolldown/binding-freebsd-x64": "1.2.13",
        "@rolldown/binding-linux-arm-gnueabihf": "1.2.13",
        "@rolldown/binding-linux-arm64-gnu": "1.2.13",
        "@rolldown/binding-linux-arm64-musl": "1.2.13",
        "@rolldown/binding-linux-ppc64-gnu": "1.2.13",
        "@rolldown/binding-linux-s390x-gnu": "1.2.13",
        "@rolldown/binding-linux-x64-gnu": "1.2.13",
        "@rolldown/binding-linux-x64-musl": "1.2.13",
        "@rolldown/binding-openharmony-arm64": "1.2.13",
        "@rolldown/binding-win32-arm64-msvc": "1.2.13",
        "@rolldown/binding-win32-x64-msvc": "1.2.13"
      }
    },
    "node_modules/rumdl": {
      "version": "0.2.78",
      "resolved": "https://registry.npmjs.org/rumdl/-/rumdl-0.2.78.tgz",
      "integrity": "sha512-nm40qNFQnrpYiLetMrsq14qaItqKT7cUoi7wtlTtx0n/3xWn6a7/ZwkgChvBbfP24cZQYz1n5IJ+DBPIrQQfFQ==",
      "dev": true,
      "license": "MIT",
      "bin": {
        "rumdl": "bin/rumdl"
      },
      "engines": {
        "node": ">=18.0.0"
      },
      "optionalDependencies": {
        "@rumdl/cli-darwin-arm64": "0.2.78",
        "@rumdl/cli-darwin-x64": "0.2.78",
        "@rumdl/cli-linux-arm64": "0.2.78",
        "@rumdl/cli-linux-arm64-musl": "0.2.78",
        "@rumdl/cli-linux-x64": "0.2.78",
        "@rumdl/cli-linux-x64-musl": "0.2.78",
        "@rumdl/cli-win32-x64": "0.2.78"
      }
    },
    "node_modules/source-map-js": {
      "version": "1.2.2",
      "resolved": "https://registry.npmjs.org/source-map-js/-/source-map-js-1.2.2.tgz",
      "integrity": "sha512-KGj/8Y43x35aZVDtt+J4mK1hoLGHULMYfSkODJNQjNDC3oW1PqPoxMwo0pLUsWM/UEGzON/NxeHywEfNXNP3Vw==",
      "dev": true,
      "license": "BSD-3-Clause",
      "engines": {
        "node": ">=0.10.0"
      }
    },
    "node_modules/tinyglobby": {
      "version": "0.2.17",
      "resolved": "https://registry.npmjs.org/tinyglobby/-/tinyglobby-0.2.17.tgz",
      "integrity": "sha512-wXR/dYpcqKmfWpEdZjiKJOwCNFndD0DMnrW/cYjVGttEkBfVgcLFHoNrlj47mjOVic9yyNu65alsgF4NQyTa2g==",
      "dev": true,
      "license": "MIT",
      "dependencies": {
        "fdir": "^6.5.0",
        "picomatch": "^4.0.4"
      },
      "engines": {
        "node": ">=12.0.0"
      },
      "funding": {
        "url": "https://github.com/sponsors/SuperchupuDev"
      }
    },
    "node_modules/tombi": {
      "version": "1.7.3",
      "resolved": "https://registry.npmjs.org/tombi/-/tombi-1.7.3.tgz",
      "integrity": "sha512-6VTttuWpnOzzuF3UhdjOVNNT1+Nkb8fKGyX6BlQ7GinstxZtyZjtBxwiVVIhAAFV68t7TcYZ13KKrzGVmdGTjg==",
      "dev": true,
      "license": "MIT",
      "bin": {
        "tombi": "bin/tombi"
      },
      "engines": {
        "node": ">=14.0.0"
      },
      "optionalDependencies": {
        "@tombi-toml/cli-darwin-arm64": "1.7.3",
        "@tombi-toml/cli-darwin-x64": "1.7.3",
        "@tombi-toml/cli-linux-arm64": "1.7.3",
        "@tombi-toml/cli-linux-arm64-musl": "1.7.3",
        "@tombi-toml/cli-linux-x64": "1.7.3",
        "@tombi-toml/cli-linux-x64-musl": "1.7.3",
        "@tombi-toml/cli-sunos-x64": "1.7.3",
        "@tombi-toml/cli-win32-arm64": "1.7.3",
        "@tombi-toml/cli-win32-x64": "1.7.3"
      }
    },
    "node_modules/vite": {
      "version": "8.3.4",
      "resolved": "https://registry.npmjs.org/vite/-/vite-8.3.4.tgz",
      "integrity": "sha512-IftLE8phJhdNRIGNEV4JCCvfNScoZQVfcXaN8TQropWGJtOHcu+iAB9pHcuGvmEb/kddw0LBe/jS8ztdC6xdiQ==",
      "dev": true,
      "license": "MIT",
      "dependencies": {
        "lightningcss": "^1.33.0",
        "picomatch": "^4.0.7",
        "postcss": "^8.5.29",
        "rolldown": "~1.2.12",
        "tinyglobby": "^0.2.17"
      },
      "bin": {
        "vite": "bin/vite.js"
      },
      "engines": {
        "node": "^20.19.0 || >=22.12.0"
      },
      "funding": {
        "url": "https://github.com/vitejs/vite?sponsor=1"
      },
      "optionalDependencies": {
        "fsevents": "~2.3.3"
      },
      "peerDependencies": {
        "@types/node": "^20.19.0 || >=22.12.0",
        "@vitejs/devtools": "^0.7.1",
        "esbuild": "^0.27.0 || ^0.28.0",
        "jiti": ">=1.21.0",
        "less": "^4.0.0",
        "sass": "^1.70.0",
        "sass-embedded": "^1.70.0",
        "stylus": ">=0.54.8",
        "sugarss": "^5.0.0",
        "terser": "^5.16.0",
        "tsx": "^4.8.1",
        "yaml": "^2.4.2"
      },
      "peerDependenciesMeta": {
        "@types/node": {
          "optional": true
        },
        "@vitejs/devtools": {
          "optional": true
        },
        "esbuild": {
          "optional": true
        },
        "jiti": {
          "optional": true
        },
        "less": {
          "optional": true
        },
        "sass": {
          "optional": true
        },
        "sass-embedded": {
          "optional": true
        },
        "stylus": {
          "optional": true
        },
        "sugarss": {
          "optional": true
        },
        "terser": {
          "optional": true
        },
        "tsx": {
          "optional": true
        },
        "yaml": {
          "optional": true
        }
      }
    }
  }
}
